
Microsoft Visual Studio Solution File, Format Version 12.00
# Visual Studio Version 17
VisualStudioVersion = 17.4.33015.44
MinimumVisualStudioVersion = 10.0.40219.1
Project("{FAE04EC0-301F-11D3-BF4B-00C04F79EFBC}") = "ASLPaymentGateway", "ASLPaymentGateway\ASLPaymentGateway.csproj", "{1F0E7D2A-8DFF-4F15-87F2-0A707299FBA5}"
EndProject
Global
	GlobalSection(SolutionConfigurationPlatforms) = preSolution
		Debug|Any CPU = Debug|Any CPU
		Release|Any CPU = Release|Any CPU
	EndGlobalSection
	GlobalSection(ProjectConfigurationPlatforms) = postSolution
		{1F0E7D2A-8DFF-4F15-87F2-0A707299FBA5}.Debug|Any CPU.ActiveCfg = Debug|Any CPU
		{1F0E7D2A-8DFF-4F15-87F2-0A707299FBA5}.Debug|Any CPU.Build.0 = Debug|Any CPU
		{1F0E7D2A-8DFF-4F15-87F2-0A707299FBA5}.Release|Any CPU.ActiveCfg = Release|Any CPU
		{1F0E7D2A-8DFF-4F15-87F2-0A707299FBA5}.Release|Any CPU.Build.0 = Release|Any CPU
	EndGlobalSection
	GlobalSection(SolutionProperties) = preSolution
		HideSolutionNode = FALSE
	EndGlobalSection
	GlobalSection(ExtensibilityGlobals) = postSolution
		SolutionGuid = {9A40F991-7E30-49B2-ABD5-3572D98F85DC}
	EndGlobalSection
EndGlobal
